<Solution>
  <Folder Name="/Solution Items/">
    <File Path="DatabaseTasks/Airline information mapping.drawio.png" />
    <File Path="DatabaseTasks/Airline Information System.drawio.png" />
    <File Path="DatabaseTasks/College Management Mapping.drawio.png" />
    <File Path="DatabaseTasks/College Management System.drawio.png" />
    <File Path="DatabaseTasks/Company Database.drawio.png" />
    <File Path="DatabaseTasks/Company mapping.drawio.png" />
  </Folder>
  <Project Path="cSharpApplication/cSharpApplication.csproj" />
  <Project Path="session2/session2.csproj" Id="e8798989-5f53-465d-ace7-15606d04b84c" />
  <Project Path="session3/session3.csproj" Id="aaed1ff2-2921-4cf0-937c-6684e59e273b" />
  <Project Path="Task 1/Task 1.csproj" Id="92fc8686-89bd-42c4-9e04-9143e7f8f81a" />
  <Project Path="Task2_Problem_Solving/Task2_Problem_Solving.csproj" Id="726de211-e3f3-47de-8d7f-b675d6142272" />
  <Project Path="Task3_Problem_Solving/Task3_Problem_Solving.csproj" Id="6402a3aa-e4ce-4ad0-b4cc-79bcbc1dd3ff" />
  <Project Path="Task4_Problem_Solving/Task4_Problem_Solving.csproj" Id="e3ca8ef2-f580-4465-9983-5ff9f057cdb5" />
  <Project Path="Task5_Problem_Solving/Task5_Problem_Solving.csproj" Id="149109b5-962e-4385-90e8-daf37949c26b" />
  <Project Path="Task6_Problem_Solving/Task6_Problem_Solving.csproj" Id="f9f2ea95-42e8-49f6-b060-d898ed53981a" />
  <Project Path="Task7_Problem_Solving/Task7_Problem_Solving.csproj" Id="df9d5501-5c5a-4676-ba52-9878e4fdf620" />
  <Project Path="Task8_Problem_Solving/Task8_Problem_Solving.csproj" Id="a2343064-3405-47a5-96ee-2eb75dbd6ea0" />
</Solution>
